
Microsoft Visual Studio Solution File, Format Version 12.00
# Visual Studio 14
VisualStudioVersion = 14.0.25420.1
MinimumVisualStudioVersion = 10.0.40219.1
Project("{2150E333-8FDC-42A3-9474-1A3956D46DE8}") = "Infrastructure", "Infrastructure", "{934A85D2-F079-4275-84CE-258B0228FDEC}"
EndProject
Project("{FAE04EC0-301F-11D3-BF4B-00C04F79EFBC}") = "Infrastructure.Web", "Infrastructure.Web\Infrastructure.Web.csproj", "{76EFBC28-77C9-4D6F-95CC-B315ED26A27B}"
EndProject
Project("{FAE04EC0-301F-11D3-BF4B-00C04F79EFBC}") = "Infrastructure.Web.Common", "Infrastructure.Web.Common\Infrastructure.Web.Common.csproj", "{0D85D407-2891-4880-863F-6AD547826E76}"
EndProject
Project("{FAE04EC0-301F-11D3-BF4B-00C04F79EFBC}") = "Infrastructure.Web.Mvc", "Infrastructure.Web.Mvc\Infrastructure.Web.Mvc.csproj", "{28EFE9A0-0515-4932-8378-C82EB3A33215}"
EndProject
Project("{FAE04EC0-301F-11D3-BF4B-00C04F79EFBC}") = "Infrastructure", "Infrastructure\Infrastructure.csproj", "{1CF64352-C40D-4995-BA6E-7493F1D6A2D4}"
EndProject
Project("{FAE04EC0-301F-11D3-BF4B-00C04F79EFBC}") = "Infrastructure.EntityFramework", "Infrastructure.EntityFramework\Infrastructure.EntityFramework.csproj", "{0DF18E31-4983-4ACE-812B-56BACA1876BE}"
EndProject
Project("{FAE04EC0-301F-11D3-BF4B-00C04F79EFBC}") = "Infrastructure.EntityFramework.Common", "Infrastructure.EntityFramework.Common\Infrastructure.EntityFramework.Common.csproj", "{164C8B65-C6E7-40D4-A6F1-0DB8530074D7}"
EndProject
Project("{2150E333-8FDC-42A3-9474-1A3956D46DE8}") = "Application", "Application", "{9E9B442C-6E00-4C69-9E96-9B04147E8828}"
EndProject
Project("{2150E333-8FDC-42A3-9474-1A3956D46DE8}") = "CommonFrame", "CommonFrame", "{4A05ECC9-7AE2-4898-B77C-3E24274572FE}"
EndProject
Project("{FAE04EC0-301F-11D3-BF4B-00C04F79EFBC}") = "Infrastructure.CommonFrame.EntityFramework", "Infrastructure.CommonFrame.EntityFramework\Infrastructure.CommonFrame.EntityFramework.csproj", "{B2EC31DE-E492-4453-AE94-01CF85B3B6FE}"
EndProject
Project("{FAE04EC0-301F-11D3-BF4B-00C04F79EFBC}") = "Infrastructure.CommonFrame", "Infrastructure.CommonFrame\Infrastructure.CommonFrame.csproj", "{D4362655-7C65-4BB5-993B-07664636C594}"
EndProject
Project("{FAE04EC0-301F-11D3-BF4B-00C04F79EFBC}") = "Infrastructure.CommonFrame.Owin", "Infrastructure.CommonFrame.Owin\Infrastructure.CommonFrame.Owin.csproj", "{7EA2FF22-51C9-4B18-8452-5792392F9E78}"
EndProject
Project("{FAE04EC0-301F-11D3-BF4B-00C04F79EFBC}") = "Infrastructure.Castle.Log4Net", "Infrastructure.Castle.Log4Net\Infrastructure.Castle.Log4Net.csproj", "{3EECBA91-7658-4197-97AB-9AB3E3EFA3B2}"
EndProject
Project("{FAE04EC0-301F-11D3-BF4B-00C04F79EFBC}") = "Application.Application", "Application.Application\Application.Application.csproj", "{428102E7-860E-41C9-B1A0-A52426DF19B2}"
EndProject
Project("{FAE04EC0-301F-11D3-BF4B-00C04F79EFBC}") = "Application.WebSite", "Applicaiton.WebSite\Application.WebSite.csproj", "{2554E62A-4568-408C-BB29-E455BE2EE22E}"
EndProject
Project("{FAE04EC0-301F-11D3-BF4B-00C04F79EFBC}") = "Application.Core", "Application.Core\Application.Core.csproj", "{5793DD7E-D5DF-48D6-869D-66B88730BBFC}"
EndProject
Project("{FAE04EC0-301F-11D3-BF4B-00C04F79EFBC}") = "Application.EntityFramework", "Application.EntityFramework\Application.EntityFramework.csproj", "{68E0E6EF-0374-4830-9FBA-F82FF653C6F7}"
EndProject
Project("{FAE04EC0-301F-11D3-BF4B-00C04F79EFBC}") = "Infrastructure.Web.Api", "Infrastructure.Web.Api\Infrastructure.Web.Api.csproj", "{3CE2ED7B-B01A-4914-BF4C-834335DF22F5}"
EndProject
Project("{FAE04EC0-301F-11D3-BF4B-00C04F79EFBC}") = "Application.WebApi", "Application.WebApi\Application.WebApi.csproj", "{518CC59A-E9C3-433E-B62E-E017854BD770}"
EndProject
Project("{FAE04EC0-301F-11D3-BF4B-00C04F79EFBC}") = "Infrastructure.Web.SignalR", "Infrastructure.Web.SignalR\Infrastructure.Web.SignalR.csproj", "{C237C312-902C-4653-840E-500D66A975CD}"
EndProject
Project("{FAE04EC0-301F-11D3-BF4B-00C04F79EFBC}") = "Infrastructure.Hangfire", "Infrastructure.HangFire\Infrastructure.Hangfire.csproj", "{5CBF813F-C08E-4584-9BB9-EFCD054650E8}"
EndProject
Project("{FAE04EC0-301F-11D3-BF4B-00C04F79EFBC}") = "Infrastructure.AutoMapper", "Infrastructure.AutoMapper\Infrastructure.AutoMapper.csproj", "{FCE9D0AF-F785-4B43-AA9C-4E277B1AAB54}"
EndProject
Project("{2150E333-8FDC-42A3-9474-1A3956D46DE8}") = "Common", "Common", "{47FD4C12-8F23-4F2B-952E-31662D2DDB34}"
EndProject
Project("{FAE04EC0-301F-11D3-BF4B-00C04F79EFBC}") = "Microsoft.Owin.Security.Weixin", "Microsoft.Owin.Security.Weixin\Microsoft.Owin.Security.Weixin.csproj", "{C73730DD-018B-47F3-B6C3-810013A654F6}"
EndProject
Project("{FAE04EC0-301F-11D3-BF4B-00C04F79EFBC}") = "Utility", "Utility\Utility.csproj", "{9D0FCBC0-7956-4EA5-B8BF-77F618CB2C2B}"
EndProject
Global
	GlobalSection(SolutionConfigurationPlatforms) = preSolution
		Debug|Any CPU = Debug|Any CPU
		Release|Any CPU = Release|Any CPU
	EndGlobalSection
	GlobalSection(ProjectConfigurationPlatforms) = postSolution
		{76EFBC28-77C9-4D6F-95CC-B315ED26A27B}.Debug|Any CPU.ActiveCfg = Debug|Any CPU
		{76EFBC28-77C9-4D6F-95CC-B315ED26A27B}.Debug|Any CPU.Build.0 = Debug|Any CPU
		{76EFBC28-77C9-4D6F-95CC-B315ED26A27B}.Release|Any CPU.ActiveCfg = Release|Any CPU
		{76EFBC28-77C9-4D6F-95CC-B315ED26A27B}.Release|Any CPU.Build.0 = Release|Any CPU
		{0D85D407-2891-4880-863F-6AD547826E76}.Debug|Any CPU.ActiveCfg = Debug|Any CPU
		{0D85D407-2891-4880-863F-6AD547826E76}.Debug|Any CPU.Build.0 = Debug|Any CPU
		{0D85D407-2891-4880-863F-6AD547826E76}.Release|Any CPU.ActiveCfg = Release|Any CPU
		{0D85D407-2891-4880-863F-6AD547826E76}.Release|Any CPU.Build.0 = Release|Any CPU
		{28EFE9A0-0515-4932-8378-C82EB3A33215}.Debug|Any CPU.ActiveCfg = Debug|Any CPU
		{28EFE9A0-0515-4932-8378-C82EB3A33215}.Debug|Any CPU.Build.0 = Debug|Any CPU
		{28EFE9A0-0515-4932-8378-C82EB3A33215}.Release|Any CPU.ActiveCfg = Release|Any CPU
		{28EFE9A0-0515-4932-8378-C82EB3A33215}.Release|Any CPU.Build.0 = Release|Any CPU
		{1CF64352-C40D-4995-BA6E-7493F1D6A2D4}.Debug|Any CPU.ActiveCfg = Debug|Any CPU
		{1CF64352-C40D-4995-BA6E-7493F1D6A2D4}.Debug|Any CPU.Build.0 = Debug|Any CPU
		{1CF64352-C40D-4995-BA6E-7493F1D6A2D4}.Release|Any CPU.ActiveCfg = Release|Any CPU
		{1CF64352-C40D-4995-BA6E-7493F1D6A2D4}.Release|Any CPU.Build.0 = Release|Any CPU
		{0DF18E31-4983-4ACE-812B-56BACA1876BE}.Debug|Any CPU.ActiveCfg = Debug|Any CPU
		{0DF18E31-4983-4ACE-812B-56BACA1876BE}.Debug|Any CPU.Build.0 = Debug|Any CPU
		{0DF18E31-4983-4ACE-812B-56BACA1876BE}.Release|Any CPU.ActiveCfg = Release|Any CPU
		{0DF18E31-4983-4ACE-812B-56BACA1876BE}.Release|Any CPU.Build.0 = Release|Any CPU
		{164C8B65-C6E7-40D4-A6F1-0DB8530074D7}.Debug|Any CPU.ActiveCfg = Debug|Any CPU
		{164C8B65-C6E7-40D4-A6F1-0DB8530074D7}.Debug|Any CPU.Build.0 = Debug|Any CPU
		{164C8B65-C6E7-40D4-A6F1-0DB8530074D7}.Release|Any CPU.ActiveCfg = Release|Any CPU
		{164C8B65-C6E7-40D4-A6F1-0DB8530074D7}.Release|Any CPU.Build.0 = Release|Any CPU
		{B2EC31DE-E492-4453-AE94-01CF85B3B6FE}.Debug|Any CPU.ActiveCfg = Debug|Any CPU
		{B2EC31DE-E492-4453-AE94-01CF85B3B6FE}.Debug|Any CPU.Build.0 = Debug|Any CPU
		{B2EC31DE-E492-4453-AE94-01CF85B3B6FE}.Release|Any CPU.ActiveCfg = Release|Any CPU
		{B2EC31DE-E492-4453-AE94-01CF85B3B6FE}.Release|Any CPU.Build.0 = Release|Any CPU
		{D4362655-7C65-4BB5-993B-07664636C594}.Debug|Any CPU.ActiveCfg = Debug|Any CPU
		{D4362655-7C65-4BB5-993B-07664636C594}.Debug|Any CPU.Build.0 = Debug|Any CPU
		{D4362655-7C65-4BB5-993B-07664636C594}.Release|Any CPU.ActiveCfg = Release|Any CPU
		{D4362655-7C65-4BB5-993B-07664636C594}.Release|Any CPU.Build.0 = Release|Any CPU
		{7EA2FF22-51C9-4B18-8452-5792392F9E78}.Debug|Any CPU.ActiveCfg = Debug|Any CPU
		{7EA2FF22-51C9-4B18-8452-5792392F9E78}.Debug|Any CPU.Build.0 = Debug|Any CPU
		{7EA2FF22-51C9-4B18-8452-5792392F9E78}.Release|Any CPU.ActiveCfg = Release|Any CPU
		{7EA2FF22-51C9-4B18-8452-5792392F9E78}.Release|Any CPU.Build.0 = Release|Any CPU
		{3EECBA91-7658-4197-97AB-9AB3E3EFA3B2}.Debug|Any CPU.ActiveCfg = Debug|Any CPU
		{3EECBA91-7658-4197-97AB-9AB3E3EFA3B2}.Debug|Any CPU.Build.0 = Debug|Any CPU
		{3EECBA91-7658-4197-97AB-9AB3E3EFA3B2}.Release|Any CPU.ActiveCfg = Release|Any CPU
		{3EECBA91-7658-4197-97AB-9AB3E3EFA3B2}.Release|Any CPU.Build.0 = Release|Any CPU
		{428102E7-860E-41C9-B1A0-A52426DF19B2}.Debug|Any CPU.ActiveCfg = Debug|Any CPU
		{428102E7-860E-41C9-B1A0-A52426DF19B2}.Debug|Any CPU.Build.0 = Debug|Any CPU
		{428102E7-860E-41C9-B1A0-A52426DF19B2}.Release|Any CPU.ActiveCfg = Release|Any CPU
		{428102E7-860E-41C9-B1A0-A52426DF19B2}.Release|Any CPU.Build.0 = Release|Any CPU
		{2554E62A-4568-408C-BB29-E455BE2EE22E}.Debug|Any CPU.ActiveCfg = Debug|Any CPU
		{2554E62A-4568-408C-BB29-E455BE2EE22E}.Debug|Any CPU.Build.0 = Debug|Any CPU
		{2554E62A-4568-408C-BB29-E455BE2EE22E}.Release|Any CPU.ActiveCfg = Release|Any CPU
		{2554E62A-4568-408C-BB29-E455BE2EE22E}.Release|Any CPU.Build.0 = Release|Any CPU
		{5793DD7E-D5DF-48D6-869D-66B88730BBFC}.Debug|Any CPU.ActiveCfg = Debug|Any CPU
		{5793DD7E-D5DF-48D6-869D-66B88730BBFC}.Debug|Any CPU.Build.0 = Debug|Any CPU
		{5793DD7E-D5DF-48D6-869D-66B88730BBFC}.Release|Any CPU.ActiveCfg = Release|Any CPU
		{5793DD7E-D5DF-48D6-869D-66B88730BBFC}.Release|Any CPU.Build.0 = Release|Any CPU
		{68E0E6EF-0374-4830-9FBA-F82FF653C6F7}.Debug|Any CPU.ActiveCfg = Debug|Any CPU
		{68E0E6EF-0374-4830-9FBA-F82FF653C6F7}.Debug|Any CPU.Build.0 = Debug|Any CPU
		{68E0E6EF-0374-4830-9FBA-F82FF653C6F7}.Release|Any CPU.ActiveCfg = Release|Any CPU
		{68E0E6EF-0374-4830-9FBA-F82FF653C6F7}.Release|Any CPU.Build.0 = Release|Any CPU
		{3CE2ED7B-B01A-4914-BF4C-834335DF22F5}.Debug|Any CPU.ActiveCfg = Debug|Any CPU
		{3CE2ED7B-B01A-4914-BF4C-834335DF22F5}.Debug|Any CPU.Build.0 = Debug|Any CPU
		{3CE2ED7B-B01A-4914-BF4C-834335DF22F5}.Release|Any CPU.ActiveCfg = Release|Any CPU
		{3CE2ED7B-B01A-4914-BF4C-834335DF22F5}.Release|Any CPU.Build.0 = Release|Any CPU
		{518CC59A-E9C3-433E-B62E-E017854BD770}.Debug|Any CPU.ActiveCfg = Debug|Any CPU
		{518CC59A-E9C3-433E-B62E-E017854BD770}.Debug|Any CPU.Build.0 = Debug|Any CPU
		{518CC59A-E9C3-433E-B62E-E017854BD770}.Release|Any CPU.ActiveCfg = Release|Any CPU
		{518CC59A-E9C3-433E-B62E-E017854BD770}.Release|Any CPU.Build.0 = Release|Any CPU
		{C237C312-902C-4653-840E-500D66A975CD}.Debug|Any CPU.ActiveCfg = Debug|Any CPU
		{C237C312-902C-4653-840E-500D66A975CD}.Debug|Any CPU.Build.0 = Debug|Any CPU
		{C237C312-902C-4653-840E-500D66A975CD}.Release|Any CPU.ActiveCfg = Release|Any CPU
		{C237C312-902C-4653-840E-500D66A975CD}.Release|Any CPU.Build.0 = Release|Any CPU
		{5CBF813F-C08E-4584-9BB9-EFCD054650E8}.Debug|Any CPU.ActiveCfg = Debug|Any CPU
		{5CBF813F-C08E-4584-9BB9-EFCD054650E8}.Debug|Any CPU.Build.0 = Debug|Any CPU
		{5CBF813F-C08E-4584-9BB9-EFCD054650E8}.Release|Any CPU.ActiveCfg = Release|Any CPU
		{5CBF813F-C08E-4584-9BB9-EFCD054650E8}.Release|Any CPU.Build.0 = Release|Any CPU
		{FCE9D0AF-F785-4B43-AA9C-4E277B1AAB54}.Debug|Any CPU.ActiveCfg = Debug|Any CPU
		{FCE9D0AF-F785-4B43-AA9C-4E277B1AAB54}.Debug|Any CPU.Build.0 = Debug|Any CPU
		{FCE9D0AF-F785-4B43-AA9C-4E277B1AAB54}.Release|Any CPU.ActiveCfg = Release|Any CPU
		{FCE9D0AF-F785-4B43-AA9C-4E277B1AAB54}.Release|Any CPU.Build.0 = Release|Any CPU
		{C73730DD-018B-47F3-B6C3-810013A654F6}.Debug|Any CPU.ActiveCfg = Debug|Any CPU
		{C73730DD-018B-47F3-B6C3-810013A654F6}.Debug|Any CPU.Build.0 = Debug|Any CPU
		{C73730DD-018B-47F3-B6C3-810013A654F6}.Release|Any CPU.ActiveCfg = Release|Any CPU
		{C73730DD-018B-47F3-B6C3-810013A654F6}.Release|Any CPU.Build.0 = Release|Any CPU
		{9D0FCBC0-7956-4EA5-B8BF-77F618CB2C2B}.Debug|Any CPU.ActiveCfg = Debug|Any CPU
		{9D0FCBC0-7956-4EA5-B8BF-77F618CB2C2B}.Debug|Any CPU.Build.0 = Debug|Any CPU
		{9D0FCBC0-7956-4EA5-B8BF-77F618CB2C2B}.Release|Any CPU.ActiveCfg = Release|Any CPU
		{9D0FCBC0-7956-4EA5-B8BF-77F618CB2C2B}.Release|Any CPU.Build.0 = Release|Any CPU
	EndGlobalSection
	GlobalSection(SolutionProperties) = preSolution
		HideSolutionNode = FALSE
	EndGlobalSection
	GlobalSection(NestedProjects) = preSolution
		{76EFBC28-77C9-4D6F-95CC-B315ED26A27B} = {934A85D2-F079-4275-84CE-258B0228FDEC}
		{0D85D407-2891-4880-863F-6AD547826E76} = {934A85D2-F079-4275-84CE-258B0228FDEC}
		{28EFE9A0-0515-4932-8378-C82EB3A33215} = {934A85D2-F079-4275-84CE-258B0228FDEC}
		{1CF64352-C40D-4995-BA6E-7493F1D6A2D4} = {934A85D2-F079-4275-84CE-258B0228FDEC}
		{0DF18E31-4983-4ACE-812B-56BACA1876BE} = {934A85D2-F079-4275-84CE-258B0228FDEC}
		{164C8B65-C6E7-40D4-A6F1-0DB8530074D7} = {934A85D2-F079-4275-84CE-258B0228FDEC}
		{4A05ECC9-7AE2-4898-B77C-3E24274572FE} = {934A85D2-F079-4275-84CE-258B0228FDEC}
		{B2EC31DE-E492-4453-AE94-01CF85B3B6FE} = {4A05ECC9-7AE2-4898-B77C-3E24274572FE}
		{D4362655-7C65-4BB5-993B-07664636C594} = {4A05ECC9-7AE2-4898-B77C-3E24274572FE}
		{7EA2FF22-51C9-4B18-8452-5792392F9E78} = {4A05ECC9-7AE2-4898-B77C-3E24274572FE}
		{3EECBA91-7658-4197-97AB-9AB3E3EFA3B2} = {934A85D2-F079-4275-84CE-258B0228FDEC}
		{428102E7-860E-41C9-B1A0-A52426DF19B2} = {9E9B442C-6E00-4C69-9E96-9B04147E8828}
		{2554E62A-4568-408C-BB29-E455BE2EE22E} = {9E9B442C-6E00-4C69-9E96-9B04147E8828}
		{5793DD7E-D5DF-48D6-869D-66B88730BBFC} = {9E9B442C-6E00-4C69-9E96-9B04147E8828}
		{68E0E6EF-0374-4830-9FBA-F82FF653C6F7} = {9E9B442C-6E00-4C69-9E96-9B04147E8828}
		{3CE2ED7B-B01A-4914-BF4C-834335DF22F5} = {934A85D2-F079-4275-84CE-258B0228FDEC}
		{518CC59A-E9C3-433E-B62E-E017854BD770} = {9E9B442C-6E00-4C69-9E96-9B04147E8828}
		{C237C312-902C-4653-840E-500D66A975CD} = {934A85D2-F079-4275-84CE-258B0228FDEC}
		{5CBF813F-C08E-4584-9BB9-EFCD054650E8} = {934A85D2-F079-4275-84CE-258B0228FDEC}
		{FCE9D0AF-F785-4B43-AA9C-4E277B1AAB54} = {934A85D2-F079-4275-84CE-258B0228FDEC}
		{C73730DD-018B-47F3-B6C3-810013A654F6} = {47FD4C12-8F23-4F2B-952E-31662D2DDB34}
		{9D0FCBC0-7956-4EA5-B8BF-77F618CB2C2B} = {47FD4C12-8F23-4F2B-952E-31662D2DDB34}
	EndGlobalSection
EndGlobal
